<?xml version="1.0" encoding="utf-8"?>
<Project ToolsVersion="4.0" xmlns="http://schemas.microsoft.com/developer/msbuild/2003">
  <ItemGroup>
    <Filter Include="Source Files">
      <UniqueIdentifier>{4FC737F1-C7A5-4376-A066-2A32D752A2FF}</UniqueIdentifier>
      <Extensions>cpp;c;cc;cxx;def;odl;idl;hpj;bat;asm;asmx</Extensions>
    </Filter>
    <Filter Include="Header Files">
      <UniqueIdentifier>{93995380-89BD-4b04-88EB-625FBE52EBFB}</UniqueIdentifier>
      <Extensions>h;hh;hpp;hxx;hm;inl;inc;ipp;xsd</Extensions>
    </Filter>
    <Filter Include="Resource Files">
      <UniqueIdentifier>{67DA6AB6-F800-4c08-8B7A-83BB121AAD01}</UniqueIdentifier>
      <Extensions>rc;ico;cur;bmp;dlg;rc2;rct;bin;rgs;gif;jpg;jpeg;jpe;resx;tiff;tif;png;wav;mfcribbon-ms</Extensions>
    </Filter>
    <Filter Include="Header Files\DirectX">
      <UniqueIdentifier>{0d527c3c-361e-4e6b-a818-a122c5bf63d6}</UniqueIdentifier>
    </Filter>
    <Filter Include="Header Files\Core">
      <UniqueIdentifier>{4d5f7a03-34e7-47f2-835b-95cd359e7c8b}</UniqueIdentifier>
    </Filter>
    <Filter Include="Header Files\Service Management">
      <UniqueIdentifier>{62226904-d1c8-44aa-a192-c04a18f1ba69}</UniqueIdentifier>
    </Filter>
    <Filter Include="Header Files\Base">
      <UniqueIdentifier>{759138cf-24a1-475d-9c5c-c7b0337505f4}</UniqueIdentifier>
    </Filter>
    <Filter Include="Header Files\Platform Independent Graphics">
      <UniqueIdentifier>{9a32e82c-a761-4e0f-8e4f-5d5083b12b58}</UniqueIdentifier>
    </Filter>
    <Filter Include="Source Files\Base">
      <UniqueIdentifier>{29811666-63e4-4464-afa5-66d4d752077c}</UniqueIdentifier>
    </Filter>
    <Filter Include="Source Files\DirectX">
      <UniqueIdentifier>{1be120f8-0462-4718-a481-1e7472ac4cc1}</UniqueIdentifier>
    </Filter>
    <Filter Include="Source Files\Core">
      <UniqueIdentifier>{74d02415-d8d4-4bc1-9015-090fc1780c36}</UniqueIdentifier>
    </Filter>
    <Filter Include="Source Files\Platform Independent Graphics">
      <UniqueIdentifier>{a8c029d4-ab70-45a4-8686-c87bab7b29d3}</UniqueIdentifier>
    </Filter>
    <Filter Include="Header Files\Components">
      <UniqueIdentifier>{0413dfa4-9561-445b-bbc6-c49ac4d06ecc}</UniqueIdentifier>
    </Filter>
    <Filter Include="Header Files\Math">
      <UniqueIdentifier>{abdcd81f-2434-44bb-b54d-aec0bd1bb8f8}</UniqueIdentifier>
    </Filter>
    <Filter Include="Source Files\Math">
      <UniqueIdentifier>{5a3eedbc-7aaa-4cb1-945a-47804f086d76}</UniqueIdentifier>
    </Filter>
    <Filter Include="Source Files\Components">
      <UniqueIdentifier>{6cc03717-e6f5-4e73-9b24-38b0258bed95}</UniqueIdentifier>
    </Filter>
    <Filter Include="Source Files\GameObjects">
      <UniqueIdentifier>{7b1bd2b6-ff81-44b5-a46d-b7a145c3c62f}</UniqueIdentifier>
    </Filter>
    <Filter Include="Game Files">
      <UniqueIdentifier>{ef672763-4612-4b6c-9416-87343e241f75}</UniqueIdentifier>
    </Filter>
    <Filter Include="Game Files\Components">
      <UniqueIdentifier>{b89f6578-2dd3-4cda-9fc4-f00bba6056e9}</UniqueIdentifier>
    </Filter>
    <Filter Include="Game Files\GameObjects">
      <UniqueIdentifier>{3f7de0a3-d4ad-4c01-a0b6-73a6a4c8b71c}</UniqueIdentifier>
    </Filter>
    <Filter Include="Game Files\Scenes">
      <UniqueIdentifier>{f9a6174d-1bca-4582-95a6-c2fa626c2d12}</UniqueIdentifier>
    </Filter>
    <Filter Include="Game Files\Core">
      <UniqueIdentifier>{7ef42f3d-ebec-4450-bc70-3ece05f7c107}</UniqueIdentifier>
    </Filter>
    <Filter Include="Resource Files\Shaders">
      <UniqueIdentifier>{322e33e7-01f4-4c6b-96d8-16450b3ff758}</UniqueIdentifier>
    </Filter>
  </ItemGroup>
  <ItemGroup>
    <ClCompile Include="main.cpp" />
    <ClCompile Include="Mesh.cpp">
      <Filter>Source Files\Platform Independent Graphics</Filter>
    </ClCompile>
    <ClCompile Include="VBO_DX.cpp">
      <Filter>Source Files\Platform Independent Graphics</Filter>
    </ClCompile>
    <ClCompile Include="GraphicsManager.cpp">
      <Filter>Source Files\Core</Filter>
    </ClCompile>
    <ClCompile Include="InputManager.cpp">
      <Filter>Source Files\Core</Filter>
    </ClCompile>
    <ClCompile Include="TimeManager.cpp">
      <Filter>Source Files\Core</Filter>
    </ClCompile>
    <ClCompile Include="Vector3.cpp">
      <Filter>Source Files\Math</Filter>
    </ClCompile>
    <ClCompile Include="Transform.cpp">
      <Filter>Source Files\Components</Filter>
    </ClCompile>
    <ClCompile Include="GameObject.cpp">
      <Filter>Source Files\Base</Filter>
    </ClCompile>
    <ClCompile Include="Scene.cpp">
      <Filter>Source Files\Base</Filter>
    </ClCompile>
    <ClCompile Include="SceneManager.cpp">
      <Filter>Source Files\Core</Filter>
    </ClCompile>
    <ClCompile Include="Game.cpp">
      <Filter>Source Files\Core</Filter>
    </ClCompile>
    <ClCompile Include="DXShader.cpp">
      <Filter>Source Files\DirectX</Filter>
    </ClCompile>
    <ClCompile Include="DXCamera.cpp">
      <Filter>Source Files\DirectX</Filter>
    </ClCompile>
    <ClCompile Include="DXMesh.cpp">
      <Filter>Source Files\DirectX</Filter>
    </ClCompile>
    <ClCompile Include="DXRenderer.cpp">
      <Filter>Source Files\DirectX</Filter>
    </ClCompile>
    <ClCompile Include="Thread.cpp">
      <Filter>Source Files\Core</Filter>
    </ClCompile>
    <ClCompile Include="Component.cpp">
      <Filter>Source Files\Base</Filter>
    </ClCompile>
    <ClCompile Include="Manager.cpp">
      <Filter>Source Files\Base</Filter>
    </ClCompile>
    <ClCompile Include="GameScene.cpp">
      <Filter>Game Files\Scenes</Filter>
    </ClCompile>
    <ClCompile Include="TestObject.cpp">
      <Filter>Game Files\GameObjects</Filter>
    </ClCompile>
  </ItemGroup>
  <ItemGroup>
    <ClInclude Include="DXShader.h">
      <Filter>Header Files\DirectX</Filter>
    </ClInclude>
    <ClInclude Include="DXCamera.h">
      <Filter>Header Files\DirectX</Filter>
    </ClInclude>
    <ClInclude Include="DXMesh.h">
      <Filter>Header Files\DirectX</Filter>
    </ClInclude>
    <ClInclude Include="DXRenderer.h">
      <Filter>Header Files\DirectX</Filter>
    </ClInclude>
    <ClInclude Include="Manager.h">
      <Filter>Header Files\Base</Filter>
    </ClInclude>
    <ClInclude Include="Resource.h">
      <Filter>Header Files\Base</Filter>
    </ClInclude>
    <ClInclude Include="Mesh.h">
      <Filter>Header Files\Platform Independent Graphics</Filter>
    </ClInclude>
    <ClInclude Include="VBO.h">
      <Filter>Header Files\Platform Independent Graphics</Filter>
    </ClInclude>
    <ClInclude Include="Vertex.h">
      <Filter>Header Files\Platform Independent Graphics</Filter>
    </ClInclude>
    <ClInclude Include="VBO_DX.h">
      <Filter>Header Files\DirectX</Filter>
    </ClInclude>
    <ClInclude Include="GraphicsManager.h">
      <Filter>Header Files\Core</Filter>
    </ClInclude>
    <ClInclude Include="InputManager.h">
      <Filter>Header Files\Core</Filter>
    </ClInclude>
    <ClInclude Include="Game.h">
      <Filter>Header Files\Core</Filter>
    </ClInclude>
    <ClInclude Include="TimeManager.h">
      <Filter>Header Files\Core</Filter>
    </ClInclude>
    <ClInclude Include="SceneManager.h">
      <Filter>Header Files\Core</Filter>
    </ClInclude>
    <ClInclude Include="Scene.h">
      <Filter>Header Files\Base</Filter>
    </ClInclude>
    <ClInclude Include="GameObject.h">
      <Filter>Header Files\Base</Filter>
    </ClInclude>
    <ClInclude Include="Component.h">
      <Filter>Header Files\Base</Filter>
    </ClInclude>
    <ClInclude Include="Transform.h">
      <Filter>Header Files\Components</Filter>
    </ClInclude>
    <ClInclude Include="Vector3.h">
      <Filter>Header Files\Math</Filter>
    </ClInclude>
    <ClInclude Include="TestObject.h">
      <Filter>Game Files\GameObjects</Filter>
    </ClInclude>
    <ClInclude Include="Thread.h">
      <Filter>Header Files\Core</Filter>
    </ClInclude>
    <ClInclude Include="Renderer.h">
      <Filter>Header Files\Components</Filter>
    </ClInclude>
    <ClInclude Include="GameScene.h">
      <Filter>Game Files\Scenes</Filter>
    </ClInclude>
  </ItemGroup>
  <ItemGroup>
    <FxCompile Include="PassthroughVertex.hlsl">
      <Filter>Resource Files\Shaders</Filter>
    </FxCompile>
    <FxCompile Include="ColorPixel.hlsl">
      <Filter>Resource Files\Shaders</Filter>
    </FxCompile>
  </ItemGroup>
</Project>