<?xml version="1.0" encoding="utf-8"?>
<Project ToolsVersion="4.0" xmlns="http://schemas.microsoft.com/developer/msbuild/2003">
  <ItemGroup>
    <Filter Include="Source Files">
      <UniqueIdentifier>{4FC737F1-C7A5-4376-A066-2A32D752A2FF}</UniqueIdentifier>
      <Extensions>cpp;c;cc;cxx;def;odl;idl;hpj;bat;asm;asmx</Extensions>
    </Filter>
    <Filter Include="Header Files">
      <UniqueIdentifier>{93995380-89BD-4b04-88EB-625FBE52EBFB}</UniqueIdentifier>
      <Extensions>h;hh;hpp;hxx;hm;inl;inc;ipp;xsd</Extensions>
    </Filter>
    <Filter Include="Resource Files">
      <UniqueIdentifier>{67DA6AB6-F800-4c08-8B7A-83BB121AAD01}</UniqueIdentifier>
      <Extensions>rc;ico;cur;bmp;dlg;rc2;rct;bin;rgs;gif;jpg;jpeg;jpe;resx;tiff;tif;png;wav;mfcribbon-ms</Extensions>
    </Filter>
    <Filter Include="Header Files\DirectX">
      <UniqueIdentifier>{0d527c3c-361e-4e6b-a818-a122c5bf63d6}</UniqueIdentifier>
    </Filter>
    <Filter Include="Header Files\Core">
      <UniqueIdentifier>{4d5f7a03-34e7-47f2-835b-95cd359e7c8b}</UniqueIdentifier>
    </Filter>
    <Filter Include="Header Files\Service Management">
      <UniqueIdentifier>{62226904-d1c8-44aa-a192-c04a18f1ba69}</UniqueIdentifier>
    </Filter>
    <Filter Include="Header Files\Base">
      <UniqueIdentifier>{759138cf-24a1-475d-9c5c-c7b0337505f4}</UniqueIdentifier>
    </Filter>
    <Filter Include="Header Files\Platform Independent Graphics">
      <UniqueIdentifier>{9a32e82c-a761-4e0f-8e4f-5d5083b12b58}</UniqueIdentifier>
    </Filter>
    <Filter Include="Source Files\Base">
      <UniqueIdentifier>{29811666-63e4-4464-afa5-66d4d752077c}</UniqueIdentifier>
    </Filter>
    <Filter Include="Source Files\DirectX">
      <UniqueIdentifier>{1be120f8-0462-4718-a481-1e7472ac4cc1}</UniqueIdentifier>
    </Filter>
    <Filter Include="Source Files\Core">
      <UniqueIdentifier>{74d02415-d8d4-4bc1-9015-090fc1780c36}</UniqueIdentifier>
    </Filter>
    <Filter Include="Source Files\Platform Independent Graphics">
      <UniqueIdentifier>{a8c029d4-ab70-45a4-8686-c87bab7b29d3}</UniqueIdentifier>
    </Filter>
  </ItemGroup>
  <ItemGroup>
    <ClCompile Include="main.cpp" />
    <ClCompile Include="Game.cpp">
      <Filter>Source Files</Filter>
    </ClCompile>
    <ClCompile Include="InputManager.cpp">
      <Filter>Source Files</Filter>
    </ClCompile>
    <ClCompile Include="GraphicsManager.cpp">
      <Filter>Source Files</Filter>
    </ClCompile>
    <ClCompile Include="DXRenderer.cpp">
      <Filter>Source Files</Filter>
    </ClCompile>
    <ClCompile Include="DXShader.cpp">
      <Filter>Source Files</Filter>
    </ClCompile>
    <ClCompile Include="DXMesh.cpp">
      <Filter>Source Files</Filter>
    </ClCompile>
    <ClCompile Include="DXCamera.cpp">
      <Filter>Source Files</Filter>
    </ClCompile>
    <ClCompile Include="Mesh.cpp">
      <Filter>Source Files\Platform Independent Graphics</Filter>
    </ClCompile>
    <ClCompile Include="VBO_DXcpp.cpp">
      <Filter>Source Files\Platform Independent Graphics</Filter>
    </ClCompile>
  </ItemGroup>
  <ItemGroup>
    <ClInclude Include="Game.h">
      <Filter>Header Files</Filter>
    </ClInclude>
    <ClInclude Include="InputManager.h">
      <Filter>Header Files</Filter>
    </ClInclude>
    <ClInclude Include="GraphicsManager.h">
      <Filter>Header Files</Filter>
    </ClInclude>
    <ClInclude Include="DXShader.h">
      <Filter>Header Files\DirectX</Filter>
    </ClInclude>
    <ClInclude Include="DXCamera.h">
      <Filter>Header Files\DirectX</Filter>
    </ClInclude>
    <ClInclude Include="DXMesh.h">
      <Filter>Header Files\DirectX</Filter>
    </ClInclude>
    <ClInclude Include="DXRenderer.h">
      <Filter>Header Files\DirectX</Filter>
    </ClInclude>
    <ClInclude Include="Manager.h">
      <Filter>Header Files\Base</Filter>
    </ClInclude>
    <ClInclude Include="Resource.h">
      <Filter>Header Files\Base</Filter>
    </ClInclude>
    <ClInclude Include="Mesh.h">
      <Filter>Header Files\Platform Independent Graphics</Filter>
    </ClInclude>
    <ClInclude Include="VBO.h">
      <Filter>Header Files\Platform Independent Graphics</Filter>
    </ClInclude>
    <ClInclude Include="Vertex.h">
      <Filter>Header Files\Platform Independent Graphics</Filter>
    </ClInclude>
    <ClInclude Include="VBO_DX.h">
      <Filter>Header Files\DirectX</Filter>
    </ClInclude>
  </ItemGroup>
  <ItemGroup>
    <FxCompile Include="PassthroughVertex.hlsl">
      <Filter>Resource Files</Filter>
    </FxCompile>
    <FxCompile Include="ColorPixel.hlsl">
      <Filter>Resource Files</Filter>
    </FxCompile>
  </ItemGroup>
</Project>